
Microsoft Visual Studio Solution File, Format Version 12.00
# Visual Studio 15
VisualStudioVersion = 15.0.28010.2046
MinimumVisualStudioVersion = 10.0.40219.1
Project("{8BC9CEB8-8B4A-11D0-8D11-00A0C91BC942}") = "KerucutBanyak", "KerucutBanyak\KerucutBanyak.vcxproj", "{CB7C5D73-68F4-40EC-BF4F-F46735E2E923}"
EndProject
Global
	GlobalSection(SolutionConfigurationPlatforms) = preSolution
		Debug|x64 = Debug|x64
		Debug|x86 = Debug|x86
		Release|x64 = Release|x64
		Release|x86 = Release|x86
	EndGlobalSection
	GlobalSection(ProjectConfigurationPlatforms) = postSolution
		{CB7C5D73-68F4-40EC-BF4F-F46735E2E923}.Debug|x64.ActiveCfg = Debug|x64
		{CB7C5D73-68F4-40EC-BF4F-F46735E2E923}.Debug|x64.Build.0 = Debug|x64
		{CB7C5D73-68F4-40EC-BF4F-F46735E2E923}.Debug|x86.ActiveCfg = Debug|Win32
		{CB7C5D73-68F4-40EC-BF4F-F46735E2E923}.Debug|x86.Build.0 = Debug|Win32
		{CB7C5D73-68F4-40EC-BF4F-F46735E2E923}.Release|x64.ActiveCfg = Release|x64
		{CB7C5D73-68F4-40EC-BF4F-F46735E2E923}.Release|x64.Build.0 = Release|x64
		{CB7C5D73-68F4-40EC-BF4F-F46735E2E923}.Release|x86.ActiveCfg = Release|Win32
		{CB7C5D73-68F4-40EC-BF4F-F46735E2E923}.Release|x86.Build.0 = Release|Win32
	EndGlobalSection
	GlobalSection(SolutionProperties) = preSolution
		HideSolutionNode = FALSE
	EndGlobalSection
	GlobalSection(ExtensibilityGlobals) = postSolution
		SolutionGuid = {CC552390-E66B-4E42-940D-785A9E48232C}
	EndGlobalSection
EndGlobal
